
Microsoft Visual Studio Solution File, Format Version 12.00
# Visual Studio Version 17
VisualStudioVersion = 17.0.31903.59
MinimumVisualStudioVersion = 10.0.40219.1
Project("{FAE04EC0-301F-11D3-BF4B-00C04F79EFBC}") = "drugs", "drugs\drugs.csproj", "{BCB080CF-29F0-483F-95D6-B6E51CBFD884}"
EndProject
Project("{FAE04EC0-301F-11D3-BF4B-00C04F79EFBC}") = "person", "persons\person.csproj", "{68A2F55E-0434-4D2B-9D10-BFC2C70DEE3E}"
EndProject
Project("{FAE04EC0-301F-11D3-BF4B-00C04F79EFBC}") = "POSStore", "POSStore\POSStore.csproj", "{C3A4D7F0-3976-4E6B-AB05-9927AEA807FF}"
EndProject
Project("{FAE04EC0-301F-11D3-BF4B-00C04F79EFBC}") = "registryData", "registryData\registryData.csproj", "{2E672200-4741-4B1D-9376-5784C1A40EB8}"
EndProject
Project("{FAE04EC0-301F-11D3-BF4B-00C04F79EFBC}") = "registryTest", "registryTest\registryTest.csproj", "{D2A5E151-3B7E-49B8-BF56-F5863A94B991}"
EndProject
Project("{FAE04EC0-301F-11D3-BF4B-00C04F79EFBC}") = "loginWindow", "loginWindow\loginWindow.csproj", "{6DDD07FE-E794-46DB-BEBD-4B299C6E1E48}"
EndProject
Global
	GlobalSection(SolutionConfigurationPlatforms) = preSolution
		Debug|Any CPU = Debug|Any CPU
		Release|Any CPU = Release|Any CPU
	EndGlobalSection
	GlobalSection(SolutionProperties) = preSolution
		HideSolutionNode = FALSE
	EndGlobalSection
	GlobalSection(ProjectConfigurationPlatforms) = postSolution
		{6C481F98-806C-4961-A227-A1CE8C509DD3}.Debug|Any CPU.ActiveCfg = Debug|Any CPU
		{6C481F98-806C-4961-A227-A1CE8C509DD3}.Debug|Any CPU.Build.0 = Debug|Any CPU
		{6C481F98-806C-4961-A227-A1CE8C509DD3}.Release|Any CPU.ActiveCfg = Release|Any CPU
		{6C481F98-806C-4961-A227-A1CE8C509DD3}.Release|Any CPU.Build.0 = Release|Any CPU
		{88AA9AE8-6423-481D-BF67-B6EA4F7270BE}.Debug|Any CPU.ActiveCfg = Debug|Any CPU
		{88AA9AE8-6423-481D-BF67-B6EA4F7270BE}.Debug|Any CPU.Build.0 = Debug|Any CPU
		{88AA9AE8-6423-481D-BF67-B6EA4F7270BE}.Release|Any CPU.ActiveCfg = Release|Any CPU
		{88AA9AE8-6423-481D-BF67-B6EA4F7270BE}.Release|Any CPU.Build.0 = Release|Any CPU
		{8F75D01D-9B3C-459E-AD88-50BBBEC102A3}.Debug|Any CPU.ActiveCfg = Debug|Any CPU
		{8F75D01D-9B3C-459E-AD88-50BBBEC102A3}.Debug|Any CPU.Build.0 = Debug|Any CPU
		{8F75D01D-9B3C-459E-AD88-50BBBEC102A3}.Release|Any CPU.ActiveCfg = Release|Any CPU
		{8F75D01D-9B3C-459E-AD88-50BBBEC102A3}.Release|Any CPU.Build.0 = Release|Any CPU
		{BCB080CF-29F0-483F-95D6-B6E51CBFD884}.Debug|Any CPU.ActiveCfg = Debug|Any CPU
		{BCB080CF-29F0-483F-95D6-B6E51CBFD884}.Debug|Any CPU.Build.0 = Debug|Any CPU
		{BCB080CF-29F0-483F-95D6-B6E51CBFD884}.Release|Any CPU.ActiveCfg = Release|Any CPU
		{BCB080CF-29F0-483F-95D6-B6E51CBFD884}.Release|Any CPU.Build.0 = Release|Any CPU
		{68A2F55E-0434-4D2B-9D10-BFC2C70DEE3E}.Debug|Any CPU.ActiveCfg = Debug|Any CPU
		{68A2F55E-0434-4D2B-9D10-BFC2C70DEE3E}.Debug|Any CPU.Build.0 = Debug|Any CPU
		{68A2F55E-0434-4D2B-9D10-BFC2C70DEE3E}.Release|Any CPU.ActiveCfg = Release|Any CPU
		{68A2F55E-0434-4D2B-9D10-BFC2C70DEE3E}.Release|Any CPU.Build.0 = Release|Any CPU
		{C3A4D7F0-3976-4E6B-AB05-9927AEA807FF}.Debug|Any CPU.ActiveCfg = Debug|Any CPU
		{C3A4D7F0-3976-4E6B-AB05-9927AEA807FF}.Debug|Any CPU.Build.0 = Debug|Any CPU
		{C3A4D7F0-3976-4E6B-AB05-9927AEA807FF}.Release|Any CPU.ActiveCfg = Release|Any CPU
		{C3A4D7F0-3976-4E6B-AB05-9927AEA807FF}.Release|Any CPU.Build.0 = Release|Any CPU
		{2E672200-4741-4B1D-9376-5784C1A40EB8}.Debug|Any CPU.ActiveCfg = Debug|Any CPU
		{2E672200-4741-4B1D-9376-5784C1A40EB8}.Debug|Any CPU.Build.0 = Debug|Any CPU
		{2E672200-4741-4B1D-9376-5784C1A40EB8}.Release|Any CPU.ActiveCfg = Release|Any CPU
		{2E672200-4741-4B1D-9376-5784C1A40EB8}.Release|Any CPU.Build.0 = Release|Any CPU
		{D2A5E151-3B7E-49B8-BF56-F5863A94B991}.Debug|Any CPU.ActiveCfg = Debug|Any CPU
		{D2A5E151-3B7E-49B8-BF56-F5863A94B991}.Debug|Any CPU.Build.0 = Debug|Any CPU
		{D2A5E151-3B7E-49B8-BF56-F5863A94B991}.Release|Any CPU.ActiveCfg = Release|Any CPU
		{D2A5E151-3B7E-49B8-BF56-F5863A94B991}.Release|Any CPU.Build.0 = Release|Any CPU
		{6DDD07FE-E794-46DB-BEBD-4B299C6E1E48}.Debug|Any CPU.ActiveCfg = Debug|Any CPU
		{6DDD07FE-E794-46DB-BEBD-4B299C6E1E48}.Debug|Any CPU.Build.0 = Debug|Any CPU
		{6DDD07FE-E794-46DB-BEBD-4B299C6E1E48}.Release|Any CPU.ActiveCfg = Release|Any CPU
		{6DDD07FE-E794-46DB-BEBD-4B299C6E1E48}.Release|Any CPU.Build.0 = Release|Any CPU
	EndGlobalSection
EndGlobal
