
Microsoft Visual Studio Solution File, Format Version 12.00
# Visual Studio Version 17
VisualStudioVersion = 17.0.31903.59
MinimumVisualStudioVersion = 10.0.40219.1
Project("{9A19103F-16F7-4668-BE54-9A1E7A4F7556}") = "drugs", "drugs\drugs.csproj", "{BCB080CF-29F0-483F-95D6-B6E51CBFD884}"
EndProject
Project("{9A19103F-16F7-4668-BE54-9A1E7A4F7556}") = "person", "persons\person.csproj", "{68A2F55E-0434-4D2B-9D10-BFC2C70DEE3E}"
EndProject
Project("{9A19103F-16F7-4668-BE54-9A1E7A4F7556}") = "POSStore", "POSStore\POSStore.csproj", "{C3A4D7F0-3976-4E6B-AB05-9927AEA807FF}"
EndProject
Project("{9A19103F-16F7-4668-BE54-9A1E7A4F7556}") = "registryData", "registryData\registryData.csproj", "{2E672200-4741-4B1D-9376-5784C1A40EB8}"
EndProject
Project("{9A19103F-16F7-4668-BE54-9A1E7A4F7556}") = "registryTest", "registryTest\registryTest.csproj", "{D2A5E151-3B7E-49B8-BF56-F5863A94B991}"
EndProject
Project("{9A19103F-16F7-4668-BE54-9A1E7A4F7556}") = "loginWindow", "loginWindow\loginWindow.csproj", "{6DDD07FE-E794-46DB-BEBD-4B299C6E1E48}"
EndProject
Project("{9A19103F-16F7-4668-BE54-9A1E7A4F7556}") = "DataWrapper", "DataWrapper\DataWrapper.csproj", "{BE1E062D-FA75-4E48-B240-A0D9A10C97B6}"
EndProject
Project("{9A19103F-16F7-4668-BE54-9A1E7A4F7556}") = "XMLReportGenerator", "XMLReportGenerator\XMLReportGenerator.csproj", "{1372FB86-F1BD-41A6-87D9-9C4E9F6436C7}"
EndProject
Project("{9A19103F-16F7-4668-BE54-9A1E7A4F7556}") = "setupEnvironment", "setupEnvironment\setupEnvironment.csproj", "{033ECF31-09CC-4C68-9694-5F266F3A61C2}"
EndProject
Project("{930C7802-8A8C-48F9-8165-68863BCCD9DD}") = "CompanionPOS_Installer", "MSIInstaller\CompanionPOS_Installer.wixproj", "{2C82937F-5183-4D8A-BBBD-182294ED17CA}"
EndProject
Global
	GlobalSection(SolutionConfigurationPlatforms) = preSolution
		Debug|Any CPU = Debug|Any CPU
		Debug|x64 = Debug|x64
		Debug|x86 = Debug|x86
		Release|Any CPU = Release|Any CPU
		Release|x64 = Release|x64
		Release|x86 = Release|x86
	EndGlobalSection
	GlobalSection(ProjectConfigurationPlatforms) = postSolution
		{BCB080CF-29F0-483F-95D6-B6E51CBFD884}.Debug|Any CPU.ActiveCfg = Debug|Any CPU
		{BCB080CF-29F0-483F-95D6-B6E51CBFD884}.Debug|Any CPU.Build.0 = Debug|Any CPU
		{BCB080CF-29F0-483F-95D6-B6E51CBFD884}.Debug|x64.ActiveCfg = Debug|Any CPU
		{BCB080CF-29F0-483F-95D6-B6E51CBFD884}.Debug|x64.Build.0 = Debug|Any CPU
		{BCB080CF-29F0-483F-95D6-B6E51CBFD884}.Debug|x86.ActiveCfg = Debug|Any CPU
		{BCB080CF-29F0-483F-95D6-B6E51CBFD884}.Debug|x86.Build.0 = Debug|Any CPU
		{BCB080CF-29F0-483F-95D6-B6E51CBFD884}.Release|Any CPU.ActiveCfg = Release|Any CPU
		{BCB080CF-29F0-483F-95D6-B6E51CBFD884}.Release|Any CPU.Build.0 = Release|Any CPU
		{BCB080CF-29F0-483F-95D6-B6E51CBFD884}.Release|x64.ActiveCfg = Release|Any CPU
		{BCB080CF-29F0-483F-95D6-B6E51CBFD884}.Release|x64.Build.0 = Release|Any CPU
		{BCB080CF-29F0-483F-95D6-B6E51CBFD884}.Release|x86.ActiveCfg = Release|Any CPU
		{BCB080CF-29F0-483F-95D6-B6E51CBFD884}.Release|x86.Build.0 = Release|Any CPU
		{68A2F55E-0434-4D2B-9D10-BFC2C70DEE3E}.Debug|Any CPU.ActiveCfg = Debug|Any CPU
		{68A2F55E-0434-4D2B-9D10-BFC2C70DEE3E}.Debug|Any CPU.Build.0 = Debug|Any CPU
		{68A2F55E-0434-4D2B-9D10-BFC2C70DEE3E}.Debug|x64.ActiveCfg = Debug|Any CPU
		{68A2F55E-0434-4D2B-9D10-BFC2C70DEE3E}.Debug|x64.Build.0 = Debug|Any CPU
		{68A2F55E-0434-4D2B-9D10-BFC2C70DEE3E}.Debug|x86.ActiveCfg = Debug|Any CPU
		{68A2F55E-0434-4D2B-9D10-BFC2C70DEE3E}.Debug|x86.Build.0 = Debug|Any CPU
		{68A2F55E-0434-4D2B-9D10-BFC2C70DEE3E}.Release|Any CPU.ActiveCfg = Release|Any CPU
		{68A2F55E-0434-4D2B-9D10-BFC2C70DEE3E}.Release|Any CPU.Build.0 = Release|Any CPU
		{68A2F55E-0434-4D2B-9D10-BFC2C70DEE3E}.Release|x64.ActiveCfg = Release|Any CPU
		{68A2F55E-0434-4D2B-9D10-BFC2C70DEE3E}.Release|x64.Build.0 = Release|Any CPU
		{68A2F55E-0434-4D2B-9D10-BFC2C70DEE3E}.Release|x86.ActiveCfg = Release|Any CPU
		{68A2F55E-0434-4D2B-9D10-BFC2C70DEE3E}.Release|x86.Build.0 = Release|Any CPU
		{C3A4D7F0-3976-4E6B-AB05-9927AEA807FF}.Debug|Any CPU.ActiveCfg = Debug|Any CPU
		{C3A4D7F0-3976-4E6B-AB05-9927AEA807FF}.Debug|Any CPU.Build.0 = Debug|Any CPU
		{C3A4D7F0-3976-4E6B-AB05-9927AEA807FF}.Debug|x64.ActiveCfg = Debug|Any CPU
		{C3A4D7F0-3976-4E6B-AB05-9927AEA807FF}.Debug|x64.Build.0 = Debug|Any CPU
		{C3A4D7F0-3976-4E6B-AB05-9927AEA807FF}.Debug|x86.ActiveCfg = Debug|Any CPU
		{C3A4D7F0-3976-4E6B-AB05-9927AEA807FF}.Debug|x86.Build.0 = Debug|Any CPU
		{C3A4D7F0-3976-4E6B-AB05-9927AEA807FF}.Release|Any CPU.ActiveCfg = Release|Any CPU
		{C3A4D7F0-3976-4E6B-AB05-9927AEA807FF}.Release|Any CPU.Build.0 = Release|Any CPU
		{C3A4D7F0-3976-4E6B-AB05-9927AEA807FF}.Release|x64.ActiveCfg = Release|Any CPU
		{C3A4D7F0-3976-4E6B-AB05-9927AEA807FF}.Release|x64.Build.0 = Release|Any CPU
		{C3A4D7F0-3976-4E6B-AB05-9927AEA807FF}.Release|x86.ActiveCfg = Release|Any CPU
		{C3A4D7F0-3976-4E6B-AB05-9927AEA807FF}.Release|x86.Build.0 = Release|Any CPU
		{2E672200-4741-4B1D-9376-5784C1A40EB8}.Debug|Any CPU.ActiveCfg = Debug|Any CPU
		{2E672200-4741-4B1D-9376-5784C1A40EB8}.Debug|Any CPU.Build.0 = Debug|Any CPU
		{2E672200-4741-4B1D-9376-5784C1A40EB8}.Debug|x64.ActiveCfg = Debug|Any CPU
		{2E672200-4741-4B1D-9376-5784C1A40EB8}.Debug|x64.Build.0 = Debug|Any CPU
		{2E672200-4741-4B1D-9376-5784C1A40EB8}.Debug|x86.ActiveCfg = Debug|Any CPU
		{2E672200-4741-4B1D-9376-5784C1A40EB8}.Debug|x86.Build.0 = Debug|Any CPU
		{2E672200-4741-4B1D-9376-5784C1A40EB8}.Release|Any CPU.ActiveCfg = Release|Any CPU
		{2E672200-4741-4B1D-9376-5784C1A40EB8}.Release|Any CPU.Build.0 = Release|Any CPU
		{2E672200-4741-4B1D-9376-5784C1A40EB8}.Release|x64.ActiveCfg = Release|Any CPU
		{2E672200-4741-4B1D-9376-5784C1A40EB8}.Release|x64.Build.0 = Release|Any CPU
		{2E672200-4741-4B1D-9376-5784C1A40EB8}.Release|x86.ActiveCfg = Release|Any CPU
		{2E672200-4741-4B1D-9376-5784C1A40EB8}.Release|x86.Build.0 = Release|Any CPU
		{D2A5E151-3B7E-49B8-BF56-F5863A94B991}.Debug|Any CPU.ActiveCfg = Debug|Any CPU
		{D2A5E151-3B7E-49B8-BF56-F5863A94B991}.Debug|Any CPU.Build.0 = Debug|Any CPU
		{D2A5E151-3B7E-49B8-BF56-F5863A94B991}.Debug|x64.ActiveCfg = Debug|Any CPU
		{D2A5E151-3B7E-49B8-BF56-F5863A94B991}.Debug|x64.Build.0 = Debug|Any CPU
		{D2A5E151-3B7E-49B8-BF56-F5863A94B991}.Debug|x86.ActiveCfg = Debug|Any CPU
		{D2A5E151-3B7E-49B8-BF56-F5863A94B991}.Debug|x86.Build.0 = Debug|Any CPU
		{D2A5E151-3B7E-49B8-BF56-F5863A94B991}.Release|Any CPU.ActiveCfg = Release|Any CPU
		{D2A5E151-3B7E-49B8-BF56-F5863A94B991}.Release|Any CPU.Build.0 = Release|Any CPU
		{D2A5E151-3B7E-49B8-BF56-F5863A94B991}.Release|x64.ActiveCfg = Release|Any CPU
		{D2A5E151-3B7E-49B8-BF56-F5863A94B991}.Release|x64.Build.0 = Release|Any CPU
		{D2A5E151-3B7E-49B8-BF56-F5863A94B991}.Release|x86.ActiveCfg = Release|Any CPU
		{D2A5E151-3B7E-49B8-BF56-F5863A94B991}.Release|x86.Build.0 = Release|Any CPU
		{6DDD07FE-E794-46DB-BEBD-4B299C6E1E48}.Debug|Any CPU.ActiveCfg = Debug|Any CPU
		{6DDD07FE-E794-46DB-BEBD-4B299C6E1E48}.Debug|Any CPU.Build.0 = Debug|Any CPU
		{6DDD07FE-E794-46DB-BEBD-4B299C6E1E48}.Debug|x64.ActiveCfg = Debug|Any CPU
		{6DDD07FE-E794-46DB-BEBD-4B299C6E1E48}.Debug|x64.Build.0 = Debug|Any CPU
		{6DDD07FE-E794-46DB-BEBD-4B299C6E1E48}.Debug|x86.ActiveCfg = Debug|Any CPU
		{6DDD07FE-E794-46DB-BEBD-4B299C6E1E48}.Debug|x86.Build.0 = Debug|Any CPU
		{6DDD07FE-E794-46DB-BEBD-4B299C6E1E48}.Release|Any CPU.ActiveCfg = Release|Any CPU
		{6DDD07FE-E794-46DB-BEBD-4B299C6E1E48}.Release|Any CPU.Build.0 = Release|Any CPU
		{6DDD07FE-E794-46DB-BEBD-4B299C6E1E48}.Release|x64.ActiveCfg = Release|Any CPU
		{6DDD07FE-E794-46DB-BEBD-4B299C6E1E48}.Release|x64.Build.0 = Release|Any CPU
		{6DDD07FE-E794-46DB-BEBD-4B299C6E1E48}.Release|x86.ActiveCfg = Release|Any CPU
		{6DDD07FE-E794-46DB-BEBD-4B299C6E1E48}.Release|x86.Build.0 = Release|Any CPU
		{BE1E062D-FA75-4E48-B240-A0D9A10C97B6}.Debug|Any CPU.ActiveCfg = Debug|Any CPU
		{BE1E062D-FA75-4E48-B240-A0D9A10C97B6}.Debug|Any CPU.Build.0 = Debug|Any CPU
		{BE1E062D-FA75-4E48-B240-A0D9A10C97B6}.Debug|x64.ActiveCfg = Debug|Any CPU
		{BE1E062D-FA75-4E48-B240-A0D9A10C97B6}.Debug|x64.Build.0 = Debug|Any CPU
		{BE1E062D-FA75-4E48-B240-A0D9A10C97B6}.Debug|x86.ActiveCfg = Debug|Any CPU
		{BE1E062D-FA75-4E48-B240-A0D9A10C97B6}.Debug|x86.Build.0 = Debug|Any CPU
		{BE1E062D-FA75-4E48-B240-A0D9A10C97B6}.Release|Any CPU.ActiveCfg = Release|Any CPU
		{BE1E062D-FA75-4E48-B240-A0D9A10C97B6}.Release|Any CPU.Build.0 = Release|Any CPU
		{BE1E062D-FA75-4E48-B240-A0D9A10C97B6}.Release|x64.ActiveCfg = Release|Any CPU
		{BE1E062D-FA75-4E48-B240-A0D9A10C97B6}.Release|x64.Build.0 = Release|Any CPU
		{BE1E062D-FA75-4E48-B240-A0D9A10C97B6}.Release|x86.ActiveCfg = Release|Any CPU
		{BE1E062D-FA75-4E48-B240-A0D9A10C97B6}.Release|x86.Build.0 = Release|Any CPU
		{1372FB86-F1BD-41A6-87D9-9C4E9F6436C7}.Debug|Any CPU.ActiveCfg = Debug|Any CPU
		{1372FB86-F1BD-41A6-87D9-9C4E9F6436C7}.Debug|Any CPU.Build.0 = Debug|Any CPU
		{1372FB86-F1BD-41A6-87D9-9C4E9F6436C7}.Debug|x64.ActiveCfg = Debug|Any CPU
		{1372FB86-F1BD-41A6-87D9-9C4E9F6436C7}.Debug|x64.Build.0 = Debug|Any CPU
		{1372FB86-F1BD-41A6-87D9-9C4E9F6436C7}.Debug|x86.ActiveCfg = Debug|Any CPU
		{1372FB86-F1BD-41A6-87D9-9C4E9F6436C7}.Debug|x86.Build.0 = Debug|Any CPU
		{1372FB86-F1BD-41A6-87D9-9C4E9F6436C7}.Release|Any CPU.ActiveCfg = Release|Any CPU
		{1372FB86-F1BD-41A6-87D9-9C4E9F6436C7}.Release|Any CPU.Build.0 = Release|Any CPU
		{1372FB86-F1BD-41A6-87D9-9C4E9F6436C7}.Release|x64.ActiveCfg = Release|Any CPU
		{1372FB86-F1BD-41A6-87D9-9C4E9F6436C7}.Release|x64.Build.0 = Release|Any CPU
		{1372FB86-F1BD-41A6-87D9-9C4E9F6436C7}.Release|x86.ActiveCfg = Release|Any CPU
		{1372FB86-F1BD-41A6-87D9-9C4E9F6436C7}.Release|x86.Build.0 = Release|Any CPU
		{033ECF31-09CC-4C68-9694-5F266F3A61C2}.Debug|Any CPU.ActiveCfg = Debug|Any CPU
		{033ECF31-09CC-4C68-9694-5F266F3A61C2}.Debug|Any CPU.Build.0 = Debug|Any CPU
		{033ECF31-09CC-4C68-9694-5F266F3A61C2}.Debug|x64.ActiveCfg = Debug|Any CPU
		{033ECF31-09CC-4C68-9694-5F266F3A61C2}.Debug|x64.Build.0 = Debug|Any CPU
		{033ECF31-09CC-4C68-9694-5F266F3A61C2}.Debug|x86.ActiveCfg = Debug|Any CPU
		{033ECF31-09CC-4C68-9694-5F266F3A61C2}.Debug|x86.Build.0 = Debug|Any CPU
		{033ECF31-09CC-4C68-9694-5F266F3A61C2}.Release|Any CPU.ActiveCfg = Release|Any CPU
		{033ECF31-09CC-4C68-9694-5F266F3A61C2}.Release|Any CPU.Build.0 = Release|Any CPU
		{033ECF31-09CC-4C68-9694-5F266F3A61C2}.Release|x64.ActiveCfg = Release|Any CPU
		{033ECF31-09CC-4C68-9694-5F266F3A61C2}.Release|x64.Build.0 = Release|Any CPU
		{033ECF31-09CC-4C68-9694-5F266F3A61C2}.Release|x86.ActiveCfg = Release|Any CPU
		{033ECF31-09CC-4C68-9694-5F266F3A61C2}.Release|x86.Build.0 = Release|Any CPU
		{2C82937F-5183-4D8A-BBBD-182294ED17CA}.Debug|Any CPU.ActiveCfg = Debug|x86
		{2C82937F-5183-4D8A-BBBD-182294ED17CA}.Debug|x64.ActiveCfg = Debug|x64
		{2C82937F-5183-4D8A-BBBD-182294ED17CA}.Debug|x64.Build.0 = Debug|x64
		{2C82937F-5183-4D8A-BBBD-182294ED17CA}.Debug|x86.ActiveCfg = Debug|x64
		{2C82937F-5183-4D8A-BBBD-182294ED17CA}.Debug|x86.Build.0 = Debug|x64
		{2C82937F-5183-4D8A-BBBD-182294ED17CA}.Release|Any CPU.ActiveCfg = Release|x86
		{2C82937F-5183-4D8A-BBBD-182294ED17CA}.Release|x64.ActiveCfg = Release|x86
		{2C82937F-5183-4D8A-BBBD-182294ED17CA}.Release|x64.Build.0 = Release|x86
		{2C82937F-5183-4D8A-BBBD-182294ED17CA}.Release|x86.ActiveCfg = Release|x86
		{2C82937F-5183-4D8A-BBBD-182294ED17CA}.Release|x86.Build.0 = Release|x86
	EndGlobalSection
	GlobalSection(SolutionProperties) = preSolution
		HideSolutionNode = FALSE
	EndGlobalSection
	GlobalSection(ExtensibilityGlobals) = postSolution
		SolutionGuid = {D4C0B1BE-BCD6-4155-BE5B-F39DB4DB9907}
	EndGlobalSection
EndGlobal
